
Microsoft Visual Studio Solution File, Format Version 12.00
# Visual Studio Version 17
VisualStudioVersion = 17.0.31903.59
MinimumVisualStudioVersion = 10.0.40219.1
Project("{2150E333-8FDC-42A3-9474-1A3956D46DE8}") = "src", "src", "{827E0CD3-B72D-47B6-A68D-7590B98EB39B}"
EndProject
Project("{FAE04EC0-301F-11D3-BF4B-00C04F79EFBC}") = "RelayBridge.Core", "src\RelayBridge.Core\RelayBridge.Core.csproj", "{E3954753-6D7D-4FAE-BAB1-F329DF2AE25D}"
EndProject
Project("{FAE04EC0-301F-11D3-BF4B-00C04F79EFBC}") = "RelayBridge.Infrastructure", "src\RelayBridge.Infrastructure\RelayBridge.Infrastructure.csproj", "{AF62AEF7-0C6F-428A-9F7A-6B9718C16528}"
EndProject
Project("{FAE04EC0-301F-11D3-BF4B-00C04F79EFBC}") = "RelayBridge.Host", "src\RelayBridge.Host\RelayBridge.Host.csproj", "{55738679-392F-4C0E-B5FD-738B4DFBA7E7}"
EndProject
Project("{FAE04EC0-301F-11D3-BF4B-00C04F79EFBC}") = "RelayBridge.Setup", "src\RelayBridge.Setup\RelayBridge.Setup.csproj", "{7B254B10-EF74-4B86-9BD7-F1B2811F563B}"
EndProject
Project("{FAE04EC0-301F-11D3-BF4B-00C04F79EFBC}") = "RelayBridge.SetupLauncher", "src\RelayBridge.SetupLauncher\RelayBridge.SetupLauncher.csproj", "{8E45BC91-E21B-45D2-A3CA-5C5635207501}"
EndProject
Project("{2150E333-8FDC-42A3-9474-1A3956D46DE8}") = "tests", "tests", "{0AB3BF05-4346-4AA6-1389-037BE0695223}"
EndProject
Project("{FAE04EC0-301F-11D3-BF4B-00C04F79EFBC}") = "RelayBridge.Tests", "tests\RelayBridge.Tests\RelayBridge.Tests.csproj", "{C7052090-49E9-4F41-AC0B-30E7B72C8750}"
EndProject
Project("{FAE04EC0-301F-11D3-BF4B-00C04F79EFBC}") = "RelayBridge.IntegrationTests", "tests\RelayBridge.IntegrationTests\RelayBridge.IntegrationTests.csproj", "{874ED08E-673A-475C-BC83-F426AC5C98F2}"
EndProject
Project("{FAE04EC0-301F-11D3-BF4B-00C04F79EFBC}") = "RelayBridge.StartupHookProbe", "tests\RelayBridge.StartupHookProbe\RelayBridge.StartupHookProbe.csproj", "{CB9DE4EE-5EE0-47A5-8A7B-D2ECECFD7EF2}"
EndProject
Project("{FAE04EC0-301F-11D3-BF4B-00C04F79EFBC}") = "RelayBridge.ConsoleHostProbe", "tests\RelayBridge.ConsoleHostProbe\RelayBridge.ConsoleHostProbe.csproj", "{A4E46FD1-CBDC-43B4-9E22-103FC423515D}"
EndProject
Project("{FAE04EC0-301F-11D3-BF4B-00C04F79EFBC}") = "RelayBridge.ToolingProvisioner", "src\RelayBridge.ToolingProvisioner\RelayBridge.ToolingProvisioner.csproj", "{D9D616A1-6757-424D-915E-C15740BD3544}"
EndProject
Project("{FAE04EC0-301F-11D3-BF4B-00C04F79EFBC}") = "RelayBridge.PrinterConfigurator", "src\RelayBridge.PrinterConfigurator\RelayBridge.PrinterConfigurator.csproj", "{C61AA9E2-3C07-4896-A7D8-8E0ED843141D}"
EndProject
Project("{FAE04EC0-301F-11D3-BF4B-00C04F79EFBC}") = "RelayBridge.ManagementOpener", "src\RelayBridge.ManagementOpener\RelayBridge.ManagementOpener.csproj", "{F13B6351-9B70-4AD1-9029-E9DD9B6AD86E}"
EndProject
Global
	GlobalSection(SolutionConfigurationPlatforms) = preSolution
		Debug|Any CPU = Debug|Any CPU
		Debug|x64 = Debug|x64
		Debug|x86 = Debug|x86
		Release|Any CPU = Release|Any CPU
		Release|x64 = Release|x64
		Release|x86 = Release|x86
	EndGlobalSection
	GlobalSection(ProjectConfigurationPlatforms) = postSolution
		{E3954753-6D7D-4FAE-BAB1-F329DF2AE25D}.Debug|Any CPU.ActiveCfg = Debug|Any CPU
		{E3954753-6D7D-4FAE-BAB1-F329DF2AE25D}.Debug|Any CPU.Build.0 = Debug|Any CPU
		{E3954753-6D7D-4FAE-BAB1-F329DF2AE25D}.Debug|x64.ActiveCfg = Debug|Any CPU
		{E3954753-6D7D-4FAE-BAB1-F329DF2AE25D}.Debug|x64.Build.0 = Debug|Any CPU
		{E3954753-6D7D-4FAE-BAB1-F329DF2AE25D}.Debug|x86.ActiveCfg = Debug|Any CPU
		{E3954753-6D7D-4FAE-BAB1-F329DF2AE25D}.Debug|x86.Build.0 = Debug|Any CPU
		{E3954753-6D7D-4FAE-BAB1-F329DF2AE25D}.Release|Any CPU.ActiveCfg = Release|Any CPU
		{E3954753-6D7D-4FAE-BAB1-F329DF2AE25D}.Release|Any CPU.Build.0 = Release|Any CPU
		{E3954753-6D7D-4FAE-BAB1-F329DF2AE25D}.Release|x64.ActiveCfg = Release|Any CPU
		{E3954753-6D7D-4FAE-BAB1-F329DF2AE25D}.Release|x64.Build.0 = Release|Any CPU
		{E3954753-6D7D-4FAE-BAB1-F329DF2AE25D}.Release|x86.ActiveCfg = Release|Any CPU
		{E3954753-6D7D-4FAE-BAB1-F329DF2AE25D}.Release|x86.Build.0 = Release|Any CPU
		{AF62AEF7-0C6F-428A-9F7A-6B9718C16528}.Debug|Any CPU.ActiveCfg = Debug|Any CPU
		{AF62AEF7-0C6F-428A-9F7A-6B9718C16528}.Debug|Any CPU.Build.0 = Debug|Any CPU
		{AF62AEF7-0C6F-428A-9F7A-6B9718C16528}.Debug|x64.ActiveCfg = Debug|Any CPU
		{AF62AEF7-0C6F-428A-9F7A-6B9718C16528}.Debug|x64.Build.0 = Debug|Any CPU
		{AF62AEF7-0C6F-428A-9F7A-6B9718C16528}.Debug|x86.ActiveCfg = Debug|Any CPU
		{AF62AEF7-0C6F-428A-9F7A-6B9718C16528}.Debug|x86.Build.0 = Debug|Any CPU
		{AF62AEF7-0C6F-428A-9F7A-6B9718C16528}.Release|Any CPU.ActiveCfg = Release|Any CPU
		{AF62AEF7-0C6F-428A-9F7A-6B9718C16528}.Release|Any CPU.Build.0 = Release|Any CPU
		{AF62AEF7-0C6F-428A-9F7A-6B9718C16528}.Release|x64.ActiveCfg = Release|Any CPU
		{AF62AEF7-0C6F-428A-9F7A-6B9718C16528}.Release|x64.Build.0 = Release|Any CPU
		{AF62AEF7-0C6F-428A-9F7A-6B9718C16528}.Release|x86.ActiveCfg = Release|Any CPU
		{AF62AEF7-0C6F-428A-9F7A-6B9718C16528}.Release|x86.Build.0 = Release|Any CPU
		{55738679-392F-4C0E-B5FD-738B4DFBA7E7}.Debug|Any CPU.ActiveCfg = Debug|Any CPU
		{55738679-392F-4C0E-B5FD-738B4DFBA7E7}.Debug|Any CPU.Build.0 = Debug|Any CPU
		{55738679-392F-4C0E-B5FD-738B4DFBA7E7}.Debug|x64.ActiveCfg = Debug|Any CPU
		{55738679-392F-4C0E-B5FD-738B4DFBA7E7}.Debug|x64.Build.0 = Debug|Any CPU
		{55738679-392F-4C0E-B5FD-738B4DFBA7E7}.Debug|x86.ActiveCfg = Debug|Any CPU
		{55738679-392F-4C0E-B5FD-738B4DFBA7E7}.Debug|x86.Build.0 = Debug|Any CPU
		{55738679-392F-4C0E-B5FD-738B4DFBA7E7}.Release|Any CPU.ActiveCfg = Release|Any CPU
		{55738679-392F-4C0E-B5FD-738B4DFBA7E7}.Release|Any CPU.Build.0 = Release|Any CPU
		{55738679-392F-4C0E-B5FD-738B4DFBA7E7}.Release|x64.ActiveCfg = Release|Any CPU
		{55738679-392F-4C0E-B5FD-738B4DFBA7E7}.Release|x64.Build.0 = Release|Any CPU
		{55738679-392F-4C0E-B5FD-738B4DFBA7E7}.Release|x86.ActiveCfg = Release|Any CPU
		{55738679-392F-4C0E-B5FD-738B4DFBA7E7}.Release|x86.Build.0 = Release|Any CPU
		{7B254B10-EF74-4B86-9BD7-F1B2811F563B}.Debug|Any CPU.ActiveCfg = Debug|Any CPU
		{7B254B10-EF74-4B86-9BD7-F1B2811F563B}.Debug|Any CPU.Build.0 = Debug|Any CPU
		{7B254B10-EF74-4B86-9BD7-F1B2811F563B}.Debug|x64.ActiveCfg = Debug|Any CPU
		{7B254B10-EF74-4B86-9BD7-F1B2811F563B}.Debug|x64.Build.0 = Debug|Any CPU
		{7B254B10-EF74-4B86-9BD7-F1B2811F563B}.Debug|x86.ActiveCfg = Debug|Any CPU
		{7B254B10-EF74-4B86-9BD7-F1B2811F563B}.Debug|x86.Build.0 = Debug|Any CPU
		{7B254B10-EF74-4B86-9BD7-F1B2811F563B}.Release|Any CPU.ActiveCfg = Release|Any CPU
		{7B254B10-EF74-4B86-9BD7-F1B2811F563B}.Release|Any CPU.Build.0 = Release|Any CPU
		{7B254B10-EF74-4B86-9BD7-F1B2811F563B}.Release|x64.ActiveCfg = Release|Any CPU
		{7B254B10-EF74-4B86-9BD7-F1B2811F563B}.Release|x64.Build.0 = Release|Any CPU
		{7B254B10-EF74-4B86-9BD7-F1B2811F563B}.Release|x86.ActiveCfg = Release|Any CPU
		{7B254B10-EF74-4B86-9BD7-F1B2811F563B}.Release|x86.Build.0 = Release|Any CPU
		{8E45BC91-E21B-45D2-A3CA-5C5635207501}.Debug|Any CPU.ActiveCfg = Debug|Any CPU
		{8E45BC91-E21B-45D2-A3CA-5C5635207501}.Debug|Any CPU.Build.0 = Debug|Any CPU
		{8E45BC91-E21B-45D2-A3CA-5C5635207501}.Debug|x64.ActiveCfg = Debug|Any CPU
		{8E45BC91-E21B-45D2-A3CA-5C5635207501}.Debug|x64.Build.0 = Debug|Any CPU
		{8E45BC91-E21B-45D2-A3CA-5C5635207501}.Debug|x86.ActiveCfg = Debug|Any CPU
		{8E45BC91-E21B-45D2-A3CA-5C5635207501}.Debug|x86.Build.0 = Debug|Any CPU
		{8E45BC91-E21B-45D2-A3CA-5C5635207501}.Release|Any CPU.ActiveCfg = Release|Any CPU
		{8E45BC91-E21B-45D2-A3CA-5C5635207501}.Release|Any CPU.Build.0 = Release|Any CPU
		{8E45BC91-E21B-45D2-A3CA-5C5635207501}.Release|x64.ActiveCfg = Release|Any CPU
		{8E45BC91-E21B-45D2-A3CA-5C5635207501}.Release|x64.Build.0 = Release|Any CPU
		{8E45BC91-E21B-45D2-A3CA-5C5635207501}.Release|x86.ActiveCfg = Release|Any CPU
		{8E45BC91-E21B-45D2-A3CA-5C5635207501}.Release|x86.Build.0 = Release|Any CPU
		{C7052090-49E9-4F41-AC0B-30E7B72C8750}.Debug|Any CPU.ActiveCfg = Debug|Any CPU
		{C7052090-49E9-4F41-AC0B-30E7B72C8750}.Debug|Any CPU.Build.0 = Debug|Any CPU
		{C7052090-49E9-4F41-AC0B-30E7B72C8750}.Debug|x64.ActiveCfg = Debug|Any CPU
		{C7052090-49E9-4F41-AC0B-30E7B72C8750}.Debug|x64.Build.0 = Debug|Any CPU
		{C7052090-49E9-4F41-AC0B-30E7B72C8750}.Debug|x86.ActiveCfg = Debug|Any CPU
		{C7052090-49E9-4F41-AC0B-30E7B72C8750}.Debug|x86.Build.0 = Debug|Any CPU
		{C7052090-49E9-4F41-AC0B-30E7B72C8750}.Release|Any CPU.ActiveCfg = Release|Any CPU
		{C7052090-49E9-4F41-AC0B-30E7B72C8750}.Release|Any CPU.Build.0 = Release|Any CPU
		{C7052090-49E9-4F41-AC0B-30E7B72C8750}.Release|x64.ActiveCfg = Release|Any CPU
		{C7052090-49E9-4F41-AC0B-30E7B72C8750}.Release|x64.Build.0 = Release|Any CPU
		{C7052090-49E9-4F41-AC0B-30E7B72C8750}.Release|x86.ActiveCfg = Release|Any CPU
		{C7052090-49E9-4F41-AC0B-30E7B72C8750}.Release|x86.Build.0 = Release|Any CPU
		{874ED08E-673A-475C-BC83-F426AC5C98F2}.Debug|Any CPU.ActiveCfg = Debug|Any CPU
		{874ED08E-673A-475C-BC83-F426AC5C98F2}.Debug|Any CPU.Build.0 = Debug|Any CPU
		{874ED08E-673A-475C-BC83-F426AC5C98F2}.Debug|x64.ActiveCfg = Debug|Any CPU
		{874ED08E-673A-475C-BC83-F426AC5C98F2}.Debug|x64.Build.0 = Debug|Any CPU
		{874ED08E-673A-475C-BC83-F426AC5C98F2}.Debug|x86.ActiveCfg = Debug|Any CPU
		{874ED08E-673A-475C-BC83-F426AC5C98F2}.Debug|x86.Build.0 = Debug|Any CPU
		{874ED08E-673A-475C-BC83-F426AC5C98F2}.Release|Any CPU.ActiveCfg = Release|Any CPU
		{874ED08E-673A-475C-BC83-F426AC5C98F2}.Release|Any CPU.Build.0 = Release|Any CPU
		{874ED08E-673A-475C-BC83-F426AC5C98F2}.Release|x64.ActiveCfg = Release|Any CPU
		{874ED08E-673A-475C-BC83-F426AC5C98F2}.Release|x64.Build.0 = Release|Any CPU
		{874ED08E-673A-475C-BC83-F426AC5C98F2}.Release|x86.ActiveCfg = Release|Any CPU
		{874ED08E-673A-475C-BC83-F426AC5C98F2}.Release|x86.Build.0 = Release|Any CPU
		{CB9DE4EE-5EE0-47A5-8A7B-D2ECECFD7EF2}.Debug|Any CPU.ActiveCfg = Debug|Any CPU
		{CB9DE4EE-5EE0-47A5-8A7B-D2ECECFD7EF2}.Debug|Any CPU.Build.0 = Debug|Any CPU
		{CB9DE4EE-5EE0-47A5-8A7B-D2ECECFD7EF2}.Debug|x64.ActiveCfg = Debug|Any CPU
		{CB9DE4EE-5EE0-47A5-8A7B-D2ECECFD7EF2}.Debug|x64.Build.0 = Debug|Any CPU
		{CB9DE4EE-5EE0-47A5-8A7B-D2ECECFD7EF2}.Debug|x86.ActiveCfg = Debug|Any CPU
		{CB9DE4EE-5EE0-47A5-8A7B-D2ECECFD7EF2}.Debug|x86.Build.0 = Debug|Any CPU
		{CB9DE4EE-5EE0-47A5-8A7B-D2ECECFD7EF2}.Release|Any CPU.ActiveCfg = Release|Any CPU
		{CB9DE4EE-5EE0-47A5-8A7B-D2ECECFD7EF2}.Release|Any CPU.Build.0 = Release|Any CPU
		{CB9DE4EE-5EE0-47A5-8A7B-D2ECECFD7EF2}.Release|x64.ActiveCfg = Release|Any CPU
		{CB9DE4EE-5EE0-47A5-8A7B-D2ECECFD7EF2}.Release|x64.Build.0 = Release|Any CPU
		{CB9DE4EE-5EE0-47A5-8A7B-D2ECECFD7EF2}.Release|x86.ActiveCfg = Release|Any CPU
		{CB9DE4EE-5EE0-47A5-8A7B-D2ECECFD7EF2}.Release|x86.Build.0 = Release|Any CPU
		{A4E46FD1-CBDC-43B4-9E22-103FC423515D}.Debug|Any CPU.ActiveCfg = Debug|Any CPU
		{A4E46FD1-CBDC-43B4-9E22-103FC423515D}.Debug|Any CPU.Build.0 = Debug|Any CPU
		{A4E46FD1-CBDC-43B4-9E22-103FC423515D}.Debug|x64.ActiveCfg = Debug|Any CPU
		{A4E46FD1-CBDC-43B4-9E22-103FC423515D}.Debug|x64.Build.0 = Debug|Any CPU
		{A4E46FD1-CBDC-43B4-9E22-103FC423515D}.Debug|x86.ActiveCfg = Debug|Any CPU
		{A4E46FD1-CBDC-43B4-9E22-103FC423515D}.Debug|x86.Build.0 = Debug|Any CPU
		{A4E46FD1-CBDC-43B4-9E22-103FC423515D}.Release|Any CPU.ActiveCfg = Release|Any CPU
		{A4E46FD1-CBDC-43B4-9E22-103FC423515D}.Release|Any CPU.Build.0 = Release|Any CPU
		{A4E46FD1-CBDC-43B4-9E22-103FC423515D}.Release|x64.ActiveCfg = Release|Any CPU
		{A4E46FD1-CBDC-43B4-9E22-103FC423515D}.Release|x64.Build.0 = Release|Any CPU
		{A4E46FD1-CBDC-43B4-9E22-103FC423515D}.Release|x86.ActiveCfg = Release|Any CPU
		{A4E46FD1-CBDC-43B4-9E22-103FC423515D}.Release|x86.Build.0 = Release|Any CPU
		{D9D616A1-6757-424D-915E-C15740BD3544}.Debug|Any CPU.ActiveCfg = Debug|Any CPU
		{D9D616A1-6757-424D-915E-C15740BD3544}.Debug|Any CPU.Build.0 = Debug|Any CPU
		{D9D616A1-6757-424D-915E-C15740BD3544}.Debug|x64.ActiveCfg = Debug|Any CPU
		{D9D616A1-6757-424D-915E-C15740BD3544}.Debug|x64.Build.0 = Debug|Any CPU
		{D9D616A1-6757-424D-915E-C15740BD3544}.Debug|x86.ActiveCfg = Debug|Any CPU
		{D9D616A1-6757-424D-915E-C15740BD3544}.Debug|x86.Build.0 = Debug|Any CPU
		{D9D616A1-6757-424D-915E-C15740BD3544}.Release|Any CPU.ActiveCfg = Release|Any CPU
		{D9D616A1-6757-424D-915E-C15740BD3544}.Release|Any CPU.Build.0 = Release|Any CPU
		{D9D616A1-6757-424D-915E-C15740BD3544}.Release|x64.ActiveCfg = Release|Any CPU
		{D9D616A1-6757-424D-915E-C15740BD3544}.Release|x64.Build.0 = Release|Any CPU
		{D9D616A1-6757-424D-915E-C15740BD3544}.Release|x86.ActiveCfg = Release|Any CPU
		{D9D616A1-6757-424D-915E-C15740BD3544}.Release|x86.Build.0 = Release|Any CPU
		{C61AA9E2-3C07-4896-A7D8-8E0ED843141D}.Debug|Any CPU.ActiveCfg = Debug|Any CPU
		{C61AA9E2-3C07-4896-A7D8-8E0ED843141D}.Debug|Any CPU.Build.0 = Debug|Any CPU
		{C61AA9E2-3C07-4896-A7D8-8E0ED843141D}.Debug|x64.ActiveCfg = Debug|Any CPU
		{C61AA9E2-3C07-4896-A7D8-8E0ED843141D}.Debug|x64.Build.0 = Debug|Any CPU
		{C61AA9E2-3C07-4896-A7D8-8E0ED843141D}.Debug|x86.ActiveCfg = Debug|Any CPU
		{C61AA9E2-3C07-4896-A7D8-8E0ED843141D}.Debug|x86.Build.0 = Debug|Any CPU
		{C61AA9E2-3C07-4896-A7D8-8E0ED843141D}.Release|Any CPU.ActiveCfg = Release|Any CPU
		{C61AA9E2-3C07-4896-A7D8-8E0ED843141D}.Release|Any CPU.Build.0 = Release|Any CPU
		{C61AA9E2-3C07-4896-A7D8-8E0ED843141D}.Release|x64.ActiveCfg = Release|Any CPU
		{C61AA9E2-3C07-4896-A7D8-8E0ED843141D}.Release|x64.Build.0 = Release|Any CPU
		{C61AA9E2-3C07-4896-A7D8-8E0ED843141D}.Release|x86.ActiveCfg = Release|Any CPU
		{C61AA9E2-3C07-4896-A7D8-8E0ED843141D}.Release|x86.Build.0 = Release|Any CPU
		{F13B6351-9B70-4AD1-9029-E9DD9B6AD86E}.Debug|Any CPU.ActiveCfg = Debug|Any CPU
		{F13B6351-9B70-4AD1-9029-E9DD9B6AD86E}.Debug|Any CPU.Build.0 = Debug|Any CPU
		{F13B6351-9B70-4AD1-9029-E9DD9B6AD86E}.Debug|x64.ActiveCfg = Debug|Any CPU
		{F13B6351-9B70-4AD1-9029-E9DD9B6AD86E}.Debug|x64.Build.0 = Debug|Any CPU
		{F13B6351-9B70-4AD1-9029-E9DD9B6AD86E}.Debug|x86.ActiveCfg = Debug|Any CPU
		{F13B6351-9B70-4AD1-9029-E9DD9B6AD86E}.Debug|x86.Build.0 = Debug|Any CPU
		{F13B6351-9B70-4AD1-9029-E9DD9B6AD86E}.Release|Any CPU.ActiveCfg = Release|Any CPU
		{F13B6351-9B70-4AD1-9029-E9DD9B6AD86E}.Release|Any CPU.Build.0 = Release|Any CPU
		{F13B6351-9B70-4AD1-9029-E9DD9B6AD86E}.Release|x64.ActiveCfg = Release|Any CPU
		{F13B6351-9B70-4AD1-9029-E9DD9B6AD86E}.Release|x64.Build.0 = Release|Any CPU
		{F13B6351-9B70-4AD1-9029-E9DD9B6AD86E}.Release|x86.ActiveCfg = Release|Any CPU
		{F13B6351-9B70-4AD1-9029-E9DD9B6AD86E}.Release|x86.Build.0 = Release|Any CPU
	EndGlobalSection
	GlobalSection(SolutionProperties) = preSolution
		HideSolutionNode = FALSE
	EndGlobalSection
	GlobalSection(NestedProjects) = preSolution
		{E3954753-6D7D-4FAE-BAB1-F329DF2AE25D} = {827E0CD3-B72D-47B6-A68D-7590B98EB39B}
		{AF62AEF7-0C6F-428A-9F7A-6B9718C16528} = {827E0CD3-B72D-47B6-A68D-7590B98EB39B}
		{55738679-392F-4C0E-B5FD-738B4DFBA7E7} = {827E0CD3-B72D-47B6-A68D-7590B98EB39B}
		{7B254B10-EF74-4B86-9BD7-F1B2811F563B} = {827E0CD3-B72D-47B6-A68D-7590B98EB39B}
		{8E45BC91-E21B-45D2-A3CA-5C5635207501} = {827E0CD3-B72D-47B6-A68D-7590B98EB39B}
		{C7052090-49E9-4F41-AC0B-30E7B72C8750} = {0AB3BF05-4346-4AA6-1389-037BE0695223}
		{874ED08E-673A-475C-BC83-F426AC5C98F2} = {0AB3BF05-4346-4AA6-1389-037BE0695223}
		{CB9DE4EE-5EE0-47A5-8A7B-D2ECECFD7EF2} = {0AB3BF05-4346-4AA6-1389-037BE0695223}
		{A4E46FD1-CBDC-43B4-9E22-103FC423515D} = {0AB3BF05-4346-4AA6-1389-037BE0695223}
		{D9D616A1-6757-424D-915E-C15740BD3544} = {827E0CD3-B72D-47B6-A68D-7590B98EB39B}
		{C61AA9E2-3C07-4896-A7D8-8E0ED843141D} = {827E0CD3-B72D-47B6-A68D-7590B98EB39B}
		{F13B6351-9B70-4AD1-9029-E9DD9B6AD86E} = {827E0CD3-B72D-47B6-A68D-7590B98EB39B}
	EndGlobalSection
EndGlobal
